
Microsoft Visual Studio Solution File, Format Version 12.00
# Visual Studio Version 16
VisualStudioVersion = 16.0.29519.87
MinimumVisualStudioVersion = 10.0.40219.1
Project("{FAE04EC0-301F-11D3-BF4B-00C04F79EFBC}") = "PongWebsocket", "LastTest\PongWebsocket.csproj", "{8BCACBE0-316A-40D6-9342-B2D987E65234}"
EndProject
Global
	GlobalSection(SolutionConfigurationPlatforms) = preSolution
		Debug|Any CPU = Debug|Any CPU
		Release|Any CPU = Release|Any CPU
	EndGlobalSection
	GlobalSection(ProjectConfigurationPlatforms) = postSolution
		{8BCACBE0-316A-40D6-9342-B2D987E65234}.Debug|Any CPU.ActiveCfg = Debug|Any CPU
		{8BCACBE0-316A-40D6-9342-B2D987E65234}.Debug|Any CPU.Build.0 = Debug|Any CPU
		{8BCACBE0-316A-40D6-9342-B2D987E65234}.Release|Any CPU.ActiveCfg = Release|Any CPU
		{8BCACBE0-316A-40D6-9342-B2D987E65234}.Release|Any CPU.Build.0 = Release|Any CPU
	EndGlobalSection
	GlobalSection(SolutionProperties) = preSolution
		HideSolutionNode = FALSE
	EndGlobalSection
	GlobalSection(ExtensibilityGlobals) = postSolution
		SolutionGuid = {7E89FE25-AF84-4D2C-8DB1-F3B078765133}
	EndGlobalSection
EndGlobal
